{
    "_readme": [
        "This file locks the dependencies of your project to a known state",
        "Read more about it at http://getcomposer.org/doc/01-basic-usage.md#composer-lock-the-lock-file",
        "This file is @generated automatically"
    ],
    "hash": "ba866ca3266c27135546e89dfeda3b69",
    "packages": [
        {
            "name": "mastercard/mastercard-api-php",
            "version": "dev-master",
            "source": {
                "type": "git",
                "url": "https://github.com/mastercard/mastercard-api-php",
                "reference": "origin/master"
            },
            "type": "library",
            "time": "2015-09-26 17:52:00"
        },
        {
            "name": "pleslie/phpaggcat",
            "version": "dev-master",
            "source": {
                "type": "git",
                "url": "https://github.com/pleslie/phpaggcat",
                "reference": "origin/master"
            },
            "type": "library",
            "time": "2013-06-05 19:21:27"
        }
    ],
    "packages-dev": [],
    "aliases": [],
    "minimum-stability": "stable",
    "stability-flags": {
        "mastercard/mastercard-api-php": 20,
        "pleslie/phpaggcat": 20
    },
    "prefer-stable": false,
    "platform": [],
    "platform-dev": []
}
