{
    "_readme": [
        "This file locks the dependencies of your project to a known state",
        "Read more about it at https://getcomposer.org/doc/01-basic-usage.md#composer-lock-the-lock-file",
        "This file is @generated automatically"
    ],
    "hash": "f228114c31dc7a483441fda366eb7b41",
    "content-hash": "bbb1842439326137f5d63e0fb443a106",
    "packages": [
        {
            "name": "mastercard/mastercard-api-php",
            "version": "dev-master",
            "source": {
                "type": "git",
                "url": "https://github.com/mastercard/mastercard-api-php",
                "reference": "origin/master"
            },
            "type": "library",
            "time": "2015-08-20 14:22:48"
        }
    ],
    "packages-dev": [],
    "aliases": [],
    "minimum-stability": "stable",
    "stability-flags": {
        "mastercard/mastercard-api-php": 20
    },
    "prefer-stable": false,
    "prefer-lowest": false,
    "platform": [],
    "platform-dev": []
}
